// !$*UTF8*$!
{
	archiveVersion = 1;
	classes = {
	};
	objectVersion = 46;
	objects = {

/* Begin PBXBuildFile section */
		8C14650F160C5EEA00BBB23F /* UIKit.framework in Frameworks */ = {isa = PBXBuildFile; fileRef = 8C14650E160C5EEA00BBB23F /* UIKit.framework */; };
		8C146511160C5EEA00BBB23F /* Foundation.framework in Frameworks */ = {isa = PBXBuildFile; fileRef = 8C146510160C5EEA00BBB23F /* Foundation.framework */; };
		8C146513160C5EEA00BBB23F /* CoreGraphics.framework in Frameworks */ = {isa = PBXBuildFile; fileRef = 8C146512160C5EEA00BBB23F /* CoreGraphics.framework */; };
		8C146519160C5EEA00BBB23F /* InfoPlist.strings in Resources */ = {isa = PBXBuildFile; fileRef = 8C146517160C5EEA00BBB23F /* InfoPlist.strings */; };
		8C14651B160C5EEB00BBB23F /* main.m in Sources */ = {isa = PBXBuildFile; fileRef = 8C14651A160C5EEB00BBB23F /* main.m */; };
		8C14651F160C5EEB00BBB23F /* AppDelegate.m in Sources */ = {isa = PBXBuildFile; fileRef = 8C14651E160C5EEB00BBB23F /* AppDelegate.m */; };
		8C146522160C5EEB00BBB23F /* MainStoryboard_iPhone.storyboard in Resources */ = {isa = PBXBuildFile; fileRef = 8C146520160C5EEB00BBB23F /* MainStoryboard_iPhone.storyboard */; };
		8C146525160C5EEB00BBB23F /* MainStoryboard_iPad.storyboard in Resources */ = {isa = PBXBuildFile; fileRef = 8C146523160C5EEB00BBB23F /* MainStoryboard_iPad.storyboard */; };
		8C146528160C5EEB00BBB23F /* ViewController.m in Sources */ = {isa = PBXBuildFile; fileRef = 8C146527160C5EEB00BBB23F /* ViewController.m */; };
		8C146530160C7D7000BBB23F /* RecipeDetailViewControllerViewController.m in Sources */ = {isa = PBXBuildFile; fileRef = 8C14652F160C7D7000BBB23F /* RecipeDetailViewControllerViewController.m */; };
/* End PBXBuildFile section */

/* Begin PBXFileReference section */
		8C14650A160C5EEA00BBB23F /* RecipeBook.app */ = {isa = PBXFileReference; explicitFileType = wrapper.application; includeInIndex = 0; path = RecipeBook.app; sourceTree = BUILT_PRODUCTS_DIR; };
		8C14650E160C5EEA00BBB23F /* UIKit.framework */ = {isa = PBXFileReference; lastKnownFileType = wrapper.framework; name = UIKit.framework; path = System/Library/Frameworks/UIKit.framework; sourceTree = SDKROOT; };
		8C146510160C5EEA00BBB23F /* Foundation.framework */ = {isa = PBXFileReference; lastKnownFileType = wrapper.framework; name = Foundation.framework; path = System/Library/Frameworks/Foundation.framework; sourceTree = SDKROOT; };
		8C146512160C5EEA00BBB23F /* CoreGraphics.framework */ = {isa = PBXFileReference; lastKnownFileType = wrapper.framework; name = CoreGraphics.framework; path = System/Library/Frameworks/CoreGraphics.framework; sourceTree = SDKROOT; };
		8C146516160C5EEA00BBB23F /* RecipeBook-Info.plist */ = {isa = PBXFileReference; lastKnownFileType = text.plist.xml; path = "RecipeBook-Info.plist"; sourceTree = "<group>"; };
		8C146518160C5EEA00BBB23F /* en */ = {isa = PBXFileReference; lastKnownFileType = text.plist.strings; name = en; path = en.lproj/InfoPlist.strings; sourceTree = "<group>"; };
		8C14651A160C5EEB00BBB23F /* main.m */ = {isa = PBXFileReference; lastKnownFileType = sourcecode.c.objc; path = main.m; sourceTree = "<group>"; };
		8C14651C160C5EEB00BBB23F /* RecipeBook-Prefix.pch */ = {isa = PBXFileReference; lastKnownFileType = sourcecode.c.h; path = "RecipeBook-Prefix.pch"; sourceTree = "<group>"; };
		8C14651D160C5EEB00BBB23F /* AppDelegate.h */ = {isa = PBXFileReference; lastKnownFileType = sourcecode.c.h; path = AppDelegate.h; sourceTree = "<group>"; };
		8C14651E160C5EEB00BBB23F /* AppDelegate.m */ = {isa = PBXFileReference; lastKnownFileType = sourcecode.c.objc; path = AppDelegate.m; sourceTree = "<group>"; };
		8C146521160C5EEB00BBB23F /* en */ = {isa = PBXFileReference; lastKnownFileType = file.storyboard; name = en; path = en.lproj/MainStoryboard_iPhone.storyboard; sourceTree = "<group>"; };
		8C146524160C5EEB00BBB23F /* en */ = {isa = PBXFileReference; lastKnownFileType = file.storyboard; name = en; path = en.lproj/MainStoryboard_iPad.storyboard; sourceTree = "<group>"; };
		8C146526160C5EEB00BBB23F /* ViewController.h */ = {isa = PBXFileReference; lastKnownFileType = sourcecode.c.h; path = ViewController.h; sourceTree = "<group>"; };
		8C146527160C5EEB00BBB23F /* ViewController.m */ = {isa = PBXFileReference; lastKnownFileType = sourcecode.c.objc; path = ViewController.m; sourceTree = "<group>"; };
		8C14652E160C7D7000BBB23F /* RecipeDetailViewControllerViewController.h */ = {isa = PBXFileReference; fileEncoding = 4; lastKnownFileType = sourcecode.c.h; path = RecipeDetailViewControllerViewController.h; sourceTree = "<group>"; };
		8C14652F160C7D7000BBB23F /* RecipeDetailViewControllerViewController.m */ = {isa = PBXFileReference; fileEncoding = 4; lastKnownFileType = sourcecode.c.objc; path = RecipeDetailViewControllerViewController.m; sourceTree = "<group>"; };
/* End PBXFileReference section */

/* Begin PBXFrameworksBuildPhase section */
		8C146507160C5EEA00BBB23F /* Frameworks */ = {
			isa = PBXFrameworksBuildPhase;
			buildActionMask = 2147483647;
			files = (
				8C14650F160C5EEA00BBB23F /* UIKit.framework in Frameworks */,
				8C146511160C5EEA00BBB23F /* Foundation.framework in Frameworks */,
				8C146513160C5EEA00BBB23F /* CoreGraphics.framework in Frameworks */,
			);
			runOnlyForDeploymentPostprocessing = 0;
		};
/* End PBXFrameworksBuildPhase section */

/* Begin PBXGroup section */
		8C1464FF160C5EEA00BBB23F = {
			isa = PBXGroup;
			children = (
				8C146514160C5EEA00BBB23F /* RecipeBook */,
				8C14650D160C5EEA00BBB23F /* Frameworks */,
				8C14650B160C5EEA00BBB23F /* Products */,
			);
			sourceTree = "<group>";
		};
		8C14650B160C5EEA00BBB23F /* Products */ = {
			isa = PBXGroup;
			children = (
				8C14650A160C5EEA00BBB23F /* RecipeBook.app */,
			);
			name = Products;
			sourceTree = "<group>";
		};
		8C14650D160C5EEA00BBB23F /* Frameworks */ = {
			isa = PBXGroup;
			children = (
				8C14650E160C5EEA00BBB23F /* UIKit.framework */,
				8C146510160C5EEA00BBB23F /* Foundation.framework */,
				8C146512160C5EEA00BBB23F /* CoreGraphics.framework */,
			);
			name = Frameworks;
			sourceTree = "<group>";
		};
		8C146514160C5EEA00BBB23F /* RecipeBook */ = {
			isa = PBXGroup;
			children = (
				8C14651D160C5EEB00BBB23F /* AppDelegate.h */,
				8C14651E160C5EEB00BBB23F /* AppDelegate.m */,
				8C146520160C5EEB00BBB23F /* MainStoryboard_iPhone.storyboard */,
				8C146523160C5EEB00BBB23F /* MainStoryboard_iPad.storyboard */,
				8C146526160C5EEB00BBB23F /* ViewController.h */,
				8C146527160C5EEB00BBB23F /* ViewController.m */,
				8C146515160C5EEA00BBB23F /* Supporting Files */,
				8C14652E160C7D7000BBB23F /* RecipeDetailViewControllerViewController.h */,
				8C14652F160C7D7000BBB23F /* RecipeDetailViewControllerViewController.m */,
			);
			path = RecipeBook;
			sourceTree = "<group>";
		};
		8C146515160C5EEA00BBB23F /* Supporting Files */ = {
			isa = PBXGroup;
			children = (
				8C146516160C5EEA00BBB23F /* RecipeBook-Info.plist */,
				8C146517160C5EEA00BBB23F /* InfoPlist.strings */,
				8C14651A160C5EEB00BBB23F /* main.m */,
				8C14651C160C5EEB00BBB23F /* RecipeBook-Prefix.pch */,
			);
			name = "Supporting Files";
			sourceTree = "<group>";
		};
/* End PBXGroup section */

/* Begin PBXNativeTarget section */
		8C146509160C5EEA00BBB23F /* RecipeBook */ = {
			isa = PBXNativeTarget;
			buildConfigurationList = 8C14652B160C5EEB00BBB23F /* Build configuration list for PBXNativeTarget "RecipeBook" */;
			buildPhases = (
				8C146506160C5EEA00BBB23F /* Sources */,
				8C146507160C5EEA00BBB23F /* Frameworks */,
				8C146508160C5EEA00BBB23F /* Resources */,
			);
			buildRules = (
			);
			dependencies = (
			);
			name = RecipeBook;
			productName = RecipeBook;
			productReference = 8C14650A160C5EEA00BBB23F /* RecipeBook.app */;
			productType = "com.apple.product-type.application";
		};
/* End PBXNativeTarget section */

/* Begin PBXProject section */
		8C146501160C5EEA00BBB23F /* Project object */ = {
			isa = PBXProject;
			attributes = {
				LastUpgradeCheck = 0430;
			};
			buildConfigurationList = 8C146504160C5EEA00BBB23F /* Build configuration list for PBXProject "RecipeBook" */;
			compatibilityVersion = "Xcode 3.2";
			developmentRegion = English;
			hasScannedForEncodings = 0;
			knownRegions = (
				en,
			);
			mainGroup = 8C1464FF160C5EEA00BBB23F;
			productRefGroup = 8C14650B160C5EEA00BBB23F /* Products */;
			projectDirPath = "";
			projectRoot = "";
			targets = (
				8C146509160C5EEA00BBB23F /* RecipeBook */,
			);
		};
/* End PBXProject section */

/* Begin PBXResourcesBuildPhase section */
		8C146508160C5EEA00BBB23F /* Resources */ = {
			isa = PBXResourcesBuildPhase;
			buildActionMask = 2147483647;
			files = (
				8C146519160C5EEA00BBB23F /* InfoPlist.strings in Resources */,
				8C146522160C5EEB00BBB23F /* MainStoryboard_iPhone.storyboard in Resources */,
				8C146525160C5EEB00BBB23F /* MainStoryboard_iPad.storyboard in Resources */,
			);
			runOnlyForDeploymentPostprocessing = 0;
		};
/* End PBXResourcesBuildPhase section */

/* Begin PBXSourcesBuildPhase section */
		8C146506160C5EEA00BBB23F /* Sources */ = {
			isa = PBXSourcesBuildPhase;
			buildActionMask = 2147483647;
			files = (
				8C14651B160C5EEB00BBB23F /* main.m in Sources */,
				8C14651F160C5EEB00BBB23F /* AppDelegate.m in Sources */,
				8C146528160C5EEB00BBB23F /* ViewController.m in Sources */,
				8C146530160C7D7000BBB23F /* RecipeDetailViewControllerViewController.m in Sources */,
			);
			runOnlyForDeploymentPostprocessing = 0;
		};
/* End PBXSourcesBuildPhase section */

/* Begin PBXVariantGroup section */
		8C146517160C5EEA00BBB23F /* InfoPlist.strings */ = {
			isa = PBXVariantGroup;
			children = (
				8C146518160C5EEA00BBB23F /* en */,
			);
			name = InfoPlist.strings;
			sourceTree = "<group>";
		};
		8C146520160C5EEB00BBB23F /* MainStoryboard_iPhone.storyboard */ = {
			isa = PBXVariantGroup;
			children = (
				8C146521160C5EEB00BBB23F /* en */,
			);
			name = MainStoryboard_iPhone.storyboard;
			sourceTree = "<group>";
		};
		8C146523160C5EEB00BBB23F /* MainStoryboard_iPad.storyboard */ = {
			isa = PBXVariantGroup;
			children = (
				8C146524160C5EEB00BBB23F /* en */,
			);
			name = MainStoryboard_iPad.storyboard;
			sourceTree = "<group>";
		};
/* End PBXVariantGroup section */

/* Begin XCBuildConfiguration section */
		8C146529160C5EEB00BBB23F /* Debug */ = {
			isa = XCBuildConfiguration;
			buildSettings = {
				ALWAYS_SEARCH_USER_PATHS = NO;
				ARCHS = "$(ARCHS_STANDARD_32_BIT)";
				CLANG_ENABLE_OBJC_ARC = YES;
				"CODE_SIGN_IDENTITY[sdk=iphoneos*]" = "iPhone Developer";
				COPY_PHASE_STRIP = NO;
				GCC_C_LANGUAGE_STANDARD = gnu99;
				GCC_DYNAMIC_NO_PIC = NO;
				GCC_OPTIMIZATION_LEVEL = 0;
				GCC_PREPROCESSOR_DEFINITIONS = (
					"DEBUG=1",
					"$(inherited)",
				);
				GCC_SYMBOLS_PRIVATE_EXTERN = NO;
				GCC_VERSION = com.apple.compilers.llvm.clang.1_0;
				GCC_WARN_ABOUT_RETURN_TYPE = YES;
				GCC_WARN_UNINITIALIZED_AUTOS = YES;
				GCC_WARN_UNUSED_VARIABLE = YES;
				IPHONEOS_DEPLOYMENT_TARGET = 5.1;
				SDKROOT = iphoneos;
				TARGETED_DEVICE_FAMILY = "1,2";
			};
			name = Debug;
		};
		8C14652A160C5EEB00BBB23F /* Release */ = {
			isa = XCBuildConfiguration;
			buildSettings = {
				ALWAYS_SEARCH_USER_PATHS = NO;
				ARCHS = "$(ARCHS_STANDARD_32_BIT)";
				CLANG_ENABLE_OBJC_ARC = YES;
				"CODE_SIGN_IDENTITY[sdk=iphoneos*]" = "iPhone Developer";
				COPY_PHASE_STRIP = YES;
				GCC_C_LANGUAGE_STANDARD = gnu99;
				GCC_VERSION = com.apple.compilers.llvm.clang.1_0;
				GCC_WARN_ABOUT_RETURN_TYPE = YES;
				GCC_WARN_UNINITIALIZED_AUTOS = YES;
				GCC_WARN_UNUSED_VARIABLE = YES;
				IPHONEOS_DEPLOYMENT_TARGET = 5.1;
				OTHER_CFLAGS = "-DNS_BLOCK_ASSERTIONS=1";
				SDKROOT = iphoneos;
				TARGETED_DEVICE_FAMILY = "1,2";
				VALIDATE_PRODUCT = YES;
			};
			name = Release;
		};
		8C14652C160C5EEB00BBB23F /* Debug */ = {
			isa = XCBuildConfiguration;
			buildSettings = {
				GCC_PRECOMPILE_PREFIX_HEADER = YES;
				GCC_PREFIX_HEADER = "RecipeBook/RecipeBook-Prefix.pch";
				INFOPLIST_FILE = "RecipeBook/RecipeBook-Info.plist";
				PRODUCT_NAME = "$(TARGET_NAME)";
				WRAPPER_EXTENSION = app;
			};
			name = Debug;
		};
		8C14652D160C5EEB00BBB23F /* Release */ = {
			isa = XCBuildConfiguration;
			buildSettings = {
				GCC_PRECOMPILE_PREFIX_HEADER = YES;
				GCC_PREFIX_HEADER = "RecipeBook/RecipeBook-Prefix.pch";
				INFOPLIST_FILE = "RecipeBook/RecipeBook-Info.plist";
				PRODUCT_NAME = "$(TARGET_NAME)";
				WRAPPER_EXTENSION = app;
			};
			name = Release;
		};
/* End XCBuildConfiguration section */

/* Begin XCConfigurationList section */
		8C146504160C5EEA00BBB23F /* Build configuration list for PBXProject "RecipeBook" */ = {
			isa = XCConfigurationList;
			buildConfigurations = (
				8C146529160C5EEB00BBB23F /* Debug */,
				8C14652A160C5EEB00BBB23F /* Release */,
			);
			defaultConfigurationIsVisible = 0;
			defaultConfigurationName = Release;
		};
		8C14652B160C5EEB00BBB23F /* Build configuration list for PBXNativeTarget "RecipeBook" */ = {
			isa = XCConfigurationList;
			buildConfigurations = (
				8C14652C160C5EEB00BBB23F /* Debug */,
				8C14652D160C5EEB00BBB23F /* Release */,
			);
			defaultConfigurationIsVisible = 0;
		};
/* End XCConfigurationList section */
	};
	rootObject = 8C146501160C5EEA00BBB23F /* Project object */;
}
